
Microsoft Visual Studio Solution File, Format Version 12.00
# Visual Studio Version 16
VisualStudioVersion = 16.0.31624.102
MinimumVisualStudioVersion = 10.0.40219.1
Project("{E24C65DC-7377-472B-9ABA-BC803B73C61A}") = "ConvertitoreValuteService", "ConvertitoreValuteService\", "{0A12AFA1-CC10-4E48-85E0-1E35EA56BC84}"
	ProjectSection(WebsiteProperties) = preProject
		TargetFrameworkMoniker = ".NETFramework,Version%3Dv4.7.2"
		Debug.AspNetCompiler.VirtualPath = "/localhost_61212"
		Debug.AspNetCompiler.PhysicalPath = "ConvertitoreValuteService\"
		Debug.AspNetCompiler.TargetPath = "PrecompiledWeb\localhost_61212\"
		Debug.AspNetCompiler.Updateable = "true"
		Debug.AspNetCompiler.ForceOverwrite = "true"
		Debug.AspNetCompiler.FixedNames = "false"
		Debug.AspNetCompiler.Debug = "True"
		Release.AspNetCompiler.VirtualPath = "/localhost_61212"
		Release.AspNetCompiler.PhysicalPath = "ConvertitoreValuteService\"
		Release.AspNetCompiler.TargetPath = "PrecompiledWeb\localhost_61212\"
		Release.AspNetCompiler.Updateable = "true"
		Release.AspNetCompiler.ForceOverwrite = "true"
		Release.AspNetCompiler.FixedNames = "false"
		Release.AspNetCompiler.Debug = "False"
		VWDPort = "61212"
		SlnRelativePath = "ConvertitoreValuteService\"
		DefaultWebSiteLanguage = "Visual C#"
	EndProjectSection
EndProject
Global
	GlobalSection(SolutionConfigurationPlatforms) = preSolution
		Debug|Any CPU = Debug|Any CPU
	EndGlobalSection
	GlobalSection(ProjectConfigurationPlatforms) = postSolution
		{0A12AFA1-CC10-4E48-85E0-1E35EA56BC84}.Debug|Any CPU.ActiveCfg = Debug|Any CPU
		{0A12AFA1-CC10-4E48-85E0-1E35EA56BC84}.Debug|Any CPU.Build.0 = Debug|Any CPU
	EndGlobalSection
	GlobalSection(SolutionProperties) = preSolution
		HideSolutionNode = FALSE
	EndGlobalSection
	GlobalSection(ExtensibilityGlobals) = postSolution
		SolutionGuid = {E7A6C437-E0EA-4087-84C8-296FE0DF382B}
	EndGlobalSection
EndGlobal
